
Microsoft Visual Studio Solution File, Format Version 12.00
# Visual Studio 14
VisualStudioVersion = 14.0.24720.0
MinimumVisualStudioVersion = 10.0.40219.1
Project("{FAE04EC0-301F-11D3-BF4B-00C04F79EFBC}") = "HouseFlipper.Test", "HouseFlipper.Test.csproj", "{74D2134B-1C2E-439A-A488-E476E007E2CF}"
EndProject
Project("{FAE04EC0-301F-11D3-BF4B-00C04F79EFBC}") = "Common", "..\..\WeekendAway\Common\Common.csproj", "{27E605DE-EA8E-47C9-A2BD-6B0EE30F64F9}"
EndProject
Global
	GlobalSection(SolutionConfigurationPlatforms) = preSolution
		Debug|Any CPU = Debug|Any CPU
		Release|Any CPU = Release|Any CPU
	EndGlobalSection
	GlobalSection(ProjectConfigurationPlatforms) = postSolution
		{74D2134B-1C2E-439A-A488-E476E007E2CF}.Debug|Any CPU.ActiveCfg = Debug|Any CPU
		{74D2134B-1C2E-439A-A488-E476E007E2CF}.Debug|Any CPU.Build.0 = Debug|Any CPU
		{74D2134B-1C2E-439A-A488-E476E007E2CF}.Release|Any CPU.ActiveCfg = Release|Any CPU
		{74D2134B-1C2E-439A-A488-E476E007E2CF}.Release|Any CPU.Build.0 = Release|Any CPU
		{27E605DE-EA8E-47C9-A2BD-6B0EE30F64F9}.Debug|Any CPU.ActiveCfg = Debug|Any CPU
		{27E605DE-EA8E-47C9-A2BD-6B0EE30F64F9}.Debug|Any CPU.Build.0 = Debug|Any CPU
		{27E605DE-EA8E-47C9-A2BD-6B0EE30F64F9}.Release|Any CPU.ActiveCfg = Release|Any CPU
		{27E605DE-EA8E-47C9-A2BD-6B0EE30F64F9}.Release|Any CPU.Build.0 = Release|Any CPU
	EndGlobalSection
	GlobalSection(SolutionProperties) = preSolution
		HideSolutionNode = FALSE
	EndGlobalSection
EndGlobal
